
Microsoft Visual Studio Solution File, Format Version 12.00
# Visual Studio Version 17
VisualStudioVersion = 17.7.34202.233
MinimumVisualStudioVersion = 10.0.40219.1
Project("{9A19103F-16F7-4668-BE54-9A1E7A4F7556}") = "DataAccess", "DataAccess\DataAccess.csproj", "{80D5D379-68E0-466A-A0D3-E01D2FC20EB1}"
EndProject
Project("{9A19103F-16F7-4668-BE54-9A1E7A4F7556}") = "Business", "Business\Business.csproj", "{28D86349-FAB4-4439-99E6-6D34CCDBBEC8}"
EndProject
Project("{9A19103F-16F7-4668-BE54-9A1E7A4F7556}") = "ConsoleUI", "ConsoleUI\ConsoleUI.csproj", "{9F75AA75-22B7-4011-9928-5650DFCBD226}"
EndProject
Project("{9A19103F-16F7-4668-BE54-9A1E7A4F7556}") = "Core", "Core\Core.csproj", "{7201D25A-7756-4962-B934-BEFCAD366B8A}"
EndProject
Project("{FAE04EC0-301F-11D3-BF4B-00C04F79EFBC}") = "Entites", "Entites1\Entites.csproj", "{DA4C48D3-472C-4B14-83C8-BEB4AEC516E8}"
EndProject
Global
	GlobalSection(SolutionConfigurationPlatforms) = preSolution
		Debug|Any CPU = Debug|Any CPU
		Release|Any CPU = Release|Any CPU
	EndGlobalSection
	GlobalSection(ProjectConfigurationPlatforms) = postSolution
		{80D5D379-68E0-466A-A0D3-E01D2FC20EB1}.Debug|Any CPU.ActiveCfg = Debug|Any CPU
		{80D5D379-68E0-466A-A0D3-E01D2FC20EB1}.Debug|Any CPU.Build.0 = Debug|Any CPU
		{80D5D379-68E0-466A-A0D3-E01D2FC20EB1}.Release|Any CPU.ActiveCfg = Release|Any CPU
		{80D5D379-68E0-466A-A0D3-E01D2FC20EB1}.Release|Any CPU.Build.0 = Release|Any CPU
		{28D86349-FAB4-4439-99E6-6D34CCDBBEC8}.Debug|Any CPU.ActiveCfg = Debug|Any CPU
		{28D86349-FAB4-4439-99E6-6D34CCDBBEC8}.Debug|Any CPU.Build.0 = Debug|Any CPU
		{28D86349-FAB4-4439-99E6-6D34CCDBBEC8}.Release|Any CPU.ActiveCfg = Release|Any CPU
		{28D86349-FAB4-4439-99E6-6D34CCDBBEC8}.Release|Any CPU.Build.0 = Release|Any CPU
		{9F75AA75-22B7-4011-9928-5650DFCBD226}.Debug|Any CPU.ActiveCfg = Debug|Any CPU
		{9F75AA75-22B7-4011-9928-5650DFCBD226}.Debug|Any CPU.Build.0 = Debug|Any CPU
		{9F75AA75-22B7-4011-9928-5650DFCBD226}.Release|Any CPU.ActiveCfg = Release|Any CPU
		{9F75AA75-22B7-4011-9928-5650DFCBD226}.Release|Any CPU.Build.0 = Release|Any CPU
		{7201D25A-7756-4962-B934-BEFCAD366B8A}.Debug|Any CPU.ActiveCfg = Debug|Any CPU
		{7201D25A-7756-4962-B934-BEFCAD366B8A}.Debug|Any CPU.Build.0 = Debug|Any CPU
		{7201D25A-7756-4962-B934-BEFCAD366B8A}.Release|Any CPU.ActiveCfg = Release|Any CPU
		{7201D25A-7756-4962-B934-BEFCAD366B8A}.Release|Any CPU.Build.0 = Release|Any CPU
		{DA4C48D3-472C-4B14-83C8-BEB4AEC516E8}.Debug|Any CPU.ActiveCfg = Debug|Any CPU
		{DA4C48D3-472C-4B14-83C8-BEB4AEC516E8}.Debug|Any CPU.Build.0 = Debug|Any CPU
		{DA4C48D3-472C-4B14-83C8-BEB4AEC516E8}.Release|Any CPU.ActiveCfg = Release|Any CPU
		{DA4C48D3-472C-4B14-83C8-BEB4AEC516E8}.Release|Any CPU.Build.0 = Release|Any CPU
	EndGlobalSection
	GlobalSection(SolutionProperties) = preSolution
		HideSolutionNode = FALSE
	EndGlobalSection
	GlobalSection(ExtensibilityGlobals) = postSolution
		SolutionGuid = {051D30E2-76C2-452E-9AA9-7248959FF3E6}
	EndGlobalSection
EndGlobal
